
Microsoft Visual Studio Solution File, Format Version 10.00
# Visual C++ Express 2008
Project("{8BC9CEB8-8B4A-11D0-8D11-00A0C91BC942}") = "TrabArvore", "TrabArvore\TrabArvore.vcproj", "{78AC9F38-AFEF-4788-962C-CBEF4369B2EA}"
EndProject
Global
	GlobalSection(SolutionConfigurationPlatforms) = preSolution
		Debug|Win32 = Debug|Win32
		Release|Win32 = Release|Win32
	EndGlobalSection
	GlobalSection(ProjectConfigurationPlatforms) = postSolution
		{78AC9F38-AFEF-4788-962C-CBEF4369B2EA}.Debug|Win32.ActiveCfg = Debug|Win32
		{78AC9F38-AFEF-4788-962C-CBEF4369B2EA}.Debug|Win32.Build.0 = Debug|Win32
		{78AC9F38-AFEF-4788-962C-CBEF4369B2EA}.Release|Win32.ActiveCfg = Release|Win32
		{78AC9F38-AFEF-4788-962C-CBEF4369B2EA}.Release|Win32.Build.0 = Release|Win32
	EndGlobalSection
	GlobalSection(SolutionProperties) = preSolution
		HideSolutionNode = FALSE
	EndGlobalSection
EndGlobal
